
Microsoft Visual Studio Solution File, Format Version 12.00
# Visual Studio Version 17
VisualStudioVersion = 17.5.002.0
MinimumVisualStudioVersion = 10.0.40219.1
Project("{2150E333-8FDC-42A3-9474-1A3956D46DE8}") = "tests", "tests", "{C1D5C7DA-1540-44C6-A29E-9129DC42B84B}"
EndProject
Project("{2150E333-8FDC-42A3-9474-1A3956D46DE8}") = "apps", "apps", "{BF74E967-3EA0-42CA-A3AB-3238B9FA6A74}"
EndProject
Project("{9A19103F-16F7-4668-BE54-9A1E7A4F7556}") = "CarActor", "tests\apps\actordotnet\CarActor.csproj", "{127962B1-C65C-463C-8163-2E8D53EBFEDE}"
EndProject
Project("{9A19103F-16F7-4668-BE54-9A1E7A4F7556}") = "WorkflowActor", "tests\apps\workflowsapp\WorkflowActor.csproj", "{9098E1D4-493D-4BA0-9FD2-8B1005BE7B87}"
EndProject
Global
	GlobalSection(SolutionConfigurationPlatforms) = preSolution
		Debug|Any CPU = Debug|Any CPU
		Release|Any CPU = Release|Any CPU
	EndGlobalSection
	GlobalSection(ProjectConfigurationPlatforms) = postSolution
		{127962B1-C65C-463C-8163-2E8D53EBFEDE}.Debug|Any CPU.ActiveCfg = Debug|Any CPU
		{127962B1-C65C-463C-8163-2E8D53EBFEDE}.Debug|Any CPU.Build.0 = Debug|Any CPU
		{127962B1-C65C-463C-8163-2E8D53EBFEDE}.Release|Any CPU.ActiveCfg = Release|Any CPU
		{127962B1-C65C-463C-8163-2E8D53EBFEDE}.Release|Any CPU.Build.0 = Release|Any CPU
		{9098E1D4-493D-4BA0-9FD2-8B1005BE7B87}.Debug|Any CPU.ActiveCfg = Debug|Any CPU
		{9098E1D4-493D-4BA0-9FD2-8B1005BE7B87}.Debug|Any CPU.Build.0 = Debug|Any CPU
		{9098E1D4-493D-4BA0-9FD2-8B1005BE7B87}.Release|Any CPU.ActiveCfg = Release|Any CPU
		{9098E1D4-493D-4BA0-9FD2-8B1005BE7B87}.Release|Any CPU.Build.0 = Release|Any CPU
	EndGlobalSection
	GlobalSection(SolutionProperties) = preSolution
		HideSolutionNode = FALSE
	EndGlobalSection
	GlobalSection(NestedProjects) = preSolution
		{BF74E967-3EA0-42CA-A3AB-3238B9FA6A74} = {C1D5C7DA-1540-44C6-A29E-9129DC42B84B}
		{127962B1-C65C-463C-8163-2E8D53EBFEDE} = {BF74E967-3EA0-42CA-A3AB-3238B9FA6A74}
		{9098E1D4-493D-4BA0-9FD2-8B1005BE7B87} = {BF74E967-3EA0-42CA-A3AB-3238B9FA6A74}
	EndGlobalSection
	GlobalSection(ExtensibilityGlobals) = postSolution
		SolutionGuid = {4FFDCD6F-619A-4F52-A5BE-3A3FC931779E}
	EndGlobalSection
EndGlobal
