
Microsoft Visual Studio Solution File, Format Version 12.00
# Visual Studio Version 17
VisualStudioVersion = 17.5.002.0
MinimumVisualStudioVersion = 10.0.40219.1
Project("{2150E333-8FDC-42A3-9474-1A3956D46DE8}") = "tests", "tests", "{C4746830-439B-4EC2-8868-DD8147D21D9A}"
EndProject
Project("{2150E333-8FDC-42A3-9474-1A3956D46DE8}") = "apps", "apps", "{EF4F5F74-1870-4BBB-91C8-D33E596A3D5F}"
EndProject
Project("{9A19103F-16F7-4668-BE54-9A1E7A4F7556}") = "CarActor", "tests\apps\actordotnet\CarActor.csproj", "{343190E0-7BC7-4F04-B2A0-F52C2D2EBB1C}"
EndProject
Project("{9A19103F-16F7-4668-BE54-9A1E7A4F7556}") = "WorkflowActor", "tests\apps\workflowsapp\WorkflowActor.csproj", "{EAAD47F6-58F3-4D47-B5C6-D398DC02AF69}"
EndProject
Global
	GlobalSection(SolutionConfigurationPlatforms) = preSolution
		Debug|Any CPU = Debug|Any CPU
		Release|Any CPU = Release|Any CPU
	EndGlobalSection
	GlobalSection(ProjectConfigurationPlatforms) = postSolution
		{343190E0-7BC7-4F04-B2A0-F52C2D2EBB1C}.Debug|Any CPU.ActiveCfg = Debug|Any CPU
		{343190E0-7BC7-4F04-B2A0-F52C2D2EBB1C}.Debug|Any CPU.Build.0 = Debug|Any CPU
		{343190E0-7BC7-4F04-B2A0-F52C2D2EBB1C}.Release|Any CPU.ActiveCfg = Release|Any CPU
		{343190E0-7BC7-4F04-B2A0-F52C2D2EBB1C}.Release|Any CPU.Build.0 = Release|Any CPU
		{EAAD47F6-58F3-4D47-B5C6-D398DC02AF69}.Debug|Any CPU.ActiveCfg = Debug|Any CPU
		{EAAD47F6-58F3-4D47-B5C6-D398DC02AF69}.Debug|Any CPU.Build.0 = Debug|Any CPU
		{EAAD47F6-58F3-4D47-B5C6-D398DC02AF69}.Release|Any CPU.ActiveCfg = Release|Any CPU
		{EAAD47F6-58F3-4D47-B5C6-D398DC02AF69}.Release|Any CPU.Build.0 = Release|Any CPU
	EndGlobalSection
	GlobalSection(SolutionProperties) = preSolution
		HideSolutionNode = FALSE
	EndGlobalSection
	GlobalSection(NestedProjects) = preSolution
		{EF4F5F74-1870-4BBB-91C8-D33E596A3D5F} = {C4746830-439B-4EC2-8868-DD8147D21D9A}
		{343190E0-7BC7-4F04-B2A0-F52C2D2EBB1C} = {EF4F5F74-1870-4BBB-91C8-D33E596A3D5F}
		{EAAD47F6-58F3-4D47-B5C6-D398DC02AF69} = {EF4F5F74-1870-4BBB-91C8-D33E596A3D5F}
	EndGlobalSection
	GlobalSection(ExtensibilityGlobals) = postSolution
		SolutionGuid = {64FF1506-81AC-434F-86C5-52D984643BE8}
	EndGlobalSection
EndGlobal
